
Microsoft Visual Studio Solution File, Format Version 12.00
# Visual Studio Version 17
VisualStudioVersion = 17.10.34928.147
MinimumVisualStudioVersion = 10.0.40219.1
Project("{FAE04EC0-301F-11D3-BF4B-00C04F79EFBC}") = "Ecom", "Ecom\Ecom.csproj", "{8FB40B07-996C-4451-8837-15387ECB4BA8}"
EndProject
Global
	GlobalSection(SolutionConfigurationPlatforms) = preSolution
		Debug|Any CPU = Debug|Any CPU
		Release|Any CPU = Release|Any CPU
	EndGlobalSection
	GlobalSection(ProjectConfigurationPlatforms) = postSolution
		{8FB40B07-996C-4451-8837-15387ECB4BA8}.Debug|Any CPU.ActiveCfg = Debug|Any CPU
		{8FB40B07-996C-4451-8837-15387ECB4BA8}.Debug|Any CPU.Build.0 = Debug|Any CPU
		{8FB40B07-996C-4451-8837-15387ECB4BA8}.Release|Any CPU.ActiveCfg = Release|Any CPU
		{8FB40B07-996C-4451-8837-15387ECB4BA8}.Release|Any CPU.Build.0 = Release|Any CPU
	EndGlobalSection
	GlobalSection(SolutionProperties) = preSolution
		HideSolutionNode = FALSE
	EndGlobalSection
	GlobalSection(ExtensibilityGlobals) = postSolution
		SolutionGuid = {056E0507-05EA-43EB-84A0-65FF3FA08100}
	EndGlobalSection
EndGlobal
